
Microsoft Visual Studio Solution File, Format Version 12.00
# Visual Studio Version 16
VisualStudioVersion = 16.0.29905.134
MinimumVisualStudioVersion = 10.0.40219.1
Project("{FAE04EC0-301F-11D3-BF4B-00C04F79EFBC}") = "NowaAplikacja", "NowaAplikacja\NowaAplikacja.csproj", "{56EF601D-8FB5-47BC-96ED-F180305D47E0}"
EndProject
Global
	GlobalSection(SolutionConfigurationPlatforms) = preSolution
		Debug|Any CPU = Debug|Any CPU
		Release|Any CPU = Release|Any CPU
	EndGlobalSection
	GlobalSection(ProjectConfigurationPlatforms) = postSolution
		{56EF601D-8FB5-47BC-96ED-F180305D47E0}.Debug|Any CPU.ActiveCfg = Debug|Any CPU
		{56EF601D-8FB5-47BC-96ED-F180305D47E0}.Debug|Any CPU.Build.0 = Debug|Any CPU
		{56EF601D-8FB5-47BC-96ED-F180305D47E0}.Release|Any CPU.ActiveCfg = Release|Any CPU
		{56EF601D-8FB5-47BC-96ED-F180305D47E0}.Release|Any CPU.Build.0 = Release|Any CPU
	EndGlobalSection
	GlobalSection(SolutionProperties) = preSolution
		HideSolutionNode = FALSE
	EndGlobalSection
	GlobalSection(ExtensibilityGlobals) = postSolution
		SolutionGuid = {8E8C039D-467A-4EC3-A2CF-A49BD72ED3B2}
	EndGlobalSection
EndGlobal
